// !$*UTF8*$!
{
	archiveVersion = 1;
	classes = {
	};
	objectVersion = 46;
	objects = {

/* Begin PBXBuildFile section */
		F30497911406118A008EBBB4 /* PESGraphRoute.h in Headers */ = {isa = PBXBuildFile; fileRef = F304978F1406118A008EBBB4 /* PESGraphRoute.h */; };
		F30497921406118A008EBBB4 /* PESGraphRoute.m in Sources */ = {isa = PBXBuildFile; fileRef = F30497901406118A008EBBB4 /* PESGraphRoute.m */; };
		F304979614061A9D008EBBB4 /* PESGraphRouteStep.h in Headers */ = {isa = PBXBuildFile; fileRef = F304979414061A9D008EBBB4 /* PESGraphRouteStep.h */; };
		F304979714061A9D008EBBB4 /* PESGraphRouteStep.m in Sources */ = {isa = PBXBuildFile; fileRef = F304979514061A9D008EBBB4 /* PESGraphRouteStep.m */; };
		F3C9E4A21400C6220097ACA1 /* Foundation.framework in Frameworks */ = {isa = PBXBuildFile; fileRef = F3C9E4A11400C6220097ACA1 /* Foundation.framework */; };
		F3C9E4A81400C6220097ACA1 /* PESGraph.m in Sources */ = {isa = PBXBuildFile; fileRef = F3C9E4A71400C6220097ACA1 /* PESGraph.m */; };
		F3C9E4B01400C6220097ACA1 /* SenTestingKit.framework in Frameworks */ = {isa = PBXBuildFile; fileRef = F3C9E4AF1400C6220097ACA1 /* SenTestingKit.framework */; };
		F3C9E4B21400C6220097ACA1 /* UIKit.framework in Frameworks */ = {isa = PBXBuildFile; fileRef = F3C9E4B11400C6220097ACA1 /* UIKit.framework */; };
		F3C9E4B31400C6220097ACA1 /* Foundation.framework in Frameworks */ = {isa = PBXBuildFile; fileRef = F3C9E4A11400C6220097ACA1 /* Foundation.framework */; };
		F3C9E4B51400C6220097ACA1 /* CoreGraphics.framework in Frameworks */ = {isa = PBXBuildFile; fileRef = F3C9E4B41400C6220097ACA1 /* CoreGraphics.framework */; };
		F3C9E4B81400C6220097ACA1 /* libPESGraph.a in Frameworks */ = {isa = PBXBuildFile; fileRef = F3C9E49E1400C6220097ACA1 /* libPESGraph.a */; };
		F3C9E4BE1400C6220097ACA1 /* InfoPlist.strings in Resources */ = {isa = PBXBuildFile; fileRef = F3C9E4BC1400C6220097ACA1 /* InfoPlist.strings */; };
		F3C9E4C01400C6220097ACA1 /* PESGraphTests.h in Resources */ = {isa = PBXBuildFile; fileRef = F3C9E4BF1400C6220097ACA1 /* PESGraphTests.h */; };
		F3C9E4C21400C6220097ACA1 /* PESGraphTests.m in Sources */ = {isa = PBXBuildFile; fileRef = F3C9E4C11400C6220097ACA1 /* PESGraphTests.m */; };
		F3C9E4D51400CFAF0097ACA1 /* PESGraphNode.h in Headers */ = {isa = PBXBuildFile; fileRef = F3C9E4D31400CFAF0097ACA1 /* PESGraphNode.h */; };
		F3C9E4D61400CFAF0097ACA1 /* PESGraphNode.m in Sources */ = {isa = PBXBuildFile; fileRef = F3C9E4D41400CFAF0097ACA1 /* PESGraphNode.m */; };
		F3C9E4D91400D07E0097ACA1 /* PESGraphEdge.h in Headers */ = {isa = PBXBuildFile; fileRef = F3C9E4D71400D07E0097ACA1 /* PESGraphEdge.h */; };
		F3C9E4DA1400D07E0097ACA1 /* PESGraphEdge.m in Sources */ = {isa = PBXBuildFile; fileRef = F3C9E4D81400D07E0097ACA1 /* PESGraphEdge.m */; };
/* End PBXBuildFile section */

/* Begin PBXContainerItemProxy section */
		F3C9E4B61400C6220097ACA1 /* PBXContainerItemProxy */ = {
			isa = PBXContainerItemProxy;
			containerPortal = F3C9E4951400C6220097ACA1 /* Project object */;
			proxyType = 1;
			remoteGlobalIDString = F3C9E49D1400C6220097ACA1;
			remoteInfo = PESGraph;
		};
/* End PBXContainerItemProxy section */

/* Begin PBXFileReference section */
		F304978F1406118A008EBBB4 /* PESGraphRoute.h */ = {isa = PBXFileReference; fileEncoding = 4; lastKnownFileType = sourcecode.c.h; path = PESGraphRoute.h; sourceTree = "<group>"; };
		F30497901406118A008EBBB4 /* PESGraphRoute.m */ = {isa = PBXFileReference; fileEncoding = 4; lastKnownFileType = sourcecode.c.objc; path = PESGraphRoute.m; sourceTree = "<group>"; };
		F304979414061A9D008EBBB4 /* PESGraphRouteStep.h */ = {isa = PBXFileReference; fileEncoding = 4; lastKnownFileType = sourcecode.c.h; path = PESGraphRouteStep.h; sourceTree = "<group>"; };
		F304979514061A9D008EBBB4 /* PESGraphRouteStep.m */ = {isa = PBXFileReference; fileEncoding = 4; lastKnownFileType = sourcecode.c.objc; path = PESGraphRouteStep.m; sourceTree = "<group>"; };
		F3C9E49E1400C6220097ACA1 /* libPESGraph.a */ = {isa = PBXFileReference; explicitFileType = archive.ar; includeInIndex = 0; path = libPESGraph.a; sourceTree = BUILT_PRODUCTS_DIR; };
		F3C9E4A11400C6220097ACA1 /* Foundation.framework */ = {isa = PBXFileReference; lastKnownFileType = wrapper.framework; name = Foundation.framework; path = System/Library/Frameworks/Foundation.framework; sourceTree = SDKROOT; };
		F3C9E4A51400C6220097ACA1 /* PESGraph-Prefix.pch */ = {isa = PBXFileReference; lastKnownFileType = sourcecode.c.h; path = "PESGraph-Prefix.pch"; sourceTree = "<group>"; };
		F3C9E4A61400C6220097ACA1 /* PESGraph.h */ = {isa = PBXFileReference; lastKnownFileType = sourcecode.c.h; path = PESGraph.h; sourceTree = "<group>"; };
		F3C9E4A71400C6220097ACA1 /* PESGraph.m */ = {isa = PBXFileReference; lastKnownFileType = sourcecode.c.objc; path = PESGraph.m; sourceTree = "<group>"; };
		F3C9E4AE1400C6220097ACA1 /* PESGraphTests.octest */ = {isa = PBXFileReference; explicitFileType = wrapper.cfbundle; includeInIndex = 0; path = PESGraphTests.octest; sourceTree = BUILT_PRODUCTS_DIR; };
		F3C9E4AF1400C6220097ACA1 /* SenTestingKit.framework */ = {isa = PBXFileReference; lastKnownFileType = wrapper.framework; name = SenTestingKit.framework; path = Library/Frameworks/SenTestingKit.framework; sourceTree = DEVELOPER_DIR; };
		F3C9E4B11400C6220097ACA1 /* UIKit.framework */ = {isa = PBXFileReference; lastKnownFileType = wrapper.framework; name = UIKit.framework; path = Library/Frameworks/UIKit.framework; sourceTree = DEVELOPER_DIR; };
		F3C9E4B41400C6220097ACA1 /* CoreGraphics.framework */ = {isa = PBXFileReference; lastKnownFileType = wrapper.framework; name = CoreGraphics.framework; path = Library/Frameworks/CoreGraphics.framework; sourceTree = DEVELOPER_DIR; };
		F3C9E4BB1400C6220097ACA1 /* PESGraphTests-Info.plist */ = {isa = PBXFileReference; lastKnownFileType = text.plist.xml; path = "PESGraphTests-Info.plist"; sourceTree = "<group>"; };
		F3C9E4BD1400C6220097ACA1 /* en */ = {isa = PBXFileReference; lastKnownFileType = text.plist.strings; name = en; path = en.lproj/InfoPlist.strings; sourceTree = "<group>"; };
		F3C9E4BF1400C6220097ACA1 /* PESGraphTests.h */ = {isa = PBXFileReference; lastKnownFileType = sourcecode.c.h; path = PESGraphTests.h; sourceTree = "<group>"; };
		F3C9E4C11400C6220097ACA1 /* PESGraphTests.m */ = {isa = PBXFileReference; lastKnownFileType = sourcecode.c.objc; path = PESGraphTests.m; sourceTree = "<group>"; };
		F3C9E4D31400CFAF0097ACA1 /* PESGraphNode.h */ = {isa = PBXFileReference; fileEncoding = 4; lastKnownFileType = sourcecode.c.h; path = PESGraphNode.h; sourceTree = "<group>"; };
		F3C9E4D41400CFAF0097ACA1 /* PESGraphNode.m */ = {isa = PBXFileReference; fileEncoding = 4; lastKnownFileType = sourcecode.c.objc; path = PESGraphNode.m; sourceTree = "<group>"; };
		F3C9E4D71400D07E0097ACA1 /* PESGraphEdge.h */ = {isa = PBXFileReference; fileEncoding = 4; lastKnownFileType = sourcecode.c.h; path = PESGraphEdge.h; sourceTree = "<group>"; };
		F3C9E4D81400D07E0097ACA1 /* PESGraphEdge.m */ = {isa = PBXFileReference; fileEncoding = 4; lastKnownFileType = sourcecode.c.objc; path = PESGraphEdge.m; sourceTree = "<group>"; };
		F3F3B6DA140DFAF800DDE459 /* LICENSE.txt */ = {isa = PBXFileReference; fileEncoding = 4; lastKnownFileType = text; path = LICENSE.txt; sourceTree = "<group>"; };
		F3F3B6DC140DFD0400DDE459 /* README.txt */ = {isa = PBXFileReference; fileEncoding = 4; lastKnownFileType = text; path = README.txt; sourceTree = "<group>"; };
		F3F3B6DD140DFD7A00DDE459 /* CHANGELOG.txt */ = {isa = PBXFileReference; fileEncoding = 4; lastKnownFileType = text; path = CHANGELOG.txt; sourceTree = "<group>"; };
/* End PBXFileReference section */

/* Begin PBXFrameworksBuildPhase section */
		F3C9E49B1400C6220097ACA1 /* Frameworks */ = {
			isa = PBXFrameworksBuildPhase;
			buildActionMask = 2147483647;
			files = (
				F3C9E4A21400C6220097ACA1 /* Foundation.framework in Frameworks */,
			);
			runOnlyForDeploymentPostprocessing = 0;
		};
		F3C9E4AA1400C6220097ACA1 /* Frameworks */ = {
			isa = PBXFrameworksBuildPhase;
			buildActionMask = 2147483647;
			files = (
				F3C9E4B01400C6220097ACA1 /* SenTestingKit.framework in Frameworks */,
				F3C9E4B21400C6220097ACA1 /* UIKit.framework in Frameworks */,
				F3C9E4B31400C6220097ACA1 /* Foundation.framework in Frameworks */,
				F3C9E4B51400C6220097ACA1 /* CoreGraphics.framework in Frameworks */,
				F3C9E4B81400C6220097ACA1 /* libPESGraph.a in Frameworks */,
			);
			runOnlyForDeploymentPostprocessing = 0;
		};
/* End PBXFrameworksBuildPhase section */

/* Begin PBXGroup section */
		F3C9E4931400C6220097ACA1 = {
			isa = PBXGroup;
			children = (
				F3F3B6DD140DFD7A00DDE459 /* CHANGELOG.txt */,
				F3F3B6DA140DFAF800DDE459 /* LICENSE.txt */,
				F3F3B6DC140DFD0400DDE459 /* README.txt */,
				F3C9E4A31400C6220097ACA1 /* PESGraph */,
				F3C9E4B91400C6220097ACA1 /* PESGraphTests */,
				F3C9E4A01400C6220097ACA1 /* Frameworks */,
				F3C9E49F1400C6220097ACA1 /* Products */,
			);
			sourceTree = "<group>";
		};
		F3C9E49F1400C6220097ACA1 /* Products */ = {
			isa = PBXGroup;
			children = (
				F3C9E49E1400C6220097ACA1 /* libPESGraph.a */,
				F3C9E4AE1400C6220097ACA1 /* PESGraphTests.octest */,
			);
			name = Products;
			sourceTree = "<group>";
		};
		F3C9E4A01400C6220097ACA1 /* Frameworks */ = {
			isa = PBXGroup;
			children = (
				F3C9E4A11400C6220097ACA1 /* Foundation.framework */,
				F3C9E4AF1400C6220097ACA1 /* SenTestingKit.framework */,
				F3C9E4B11400C6220097ACA1 /* UIKit.framework */,
				F3C9E4B41400C6220097ACA1 /* CoreGraphics.framework */,
			);
			name = Frameworks;
			sourceTree = "<group>";
		};
		F3C9E4A31400C6220097ACA1 /* PESGraph */ = {
			isa = PBXGroup;
			children = (
				F3C9E4A61400C6220097ACA1 /* PESGraph.h */,
				F3C9E4A71400C6220097ACA1 /* PESGraph.m */,
				F3C9E4D31400CFAF0097ACA1 /* PESGraphNode.h */,
				F3C9E4D41400CFAF0097ACA1 /* PESGraphNode.m */,
				F3C9E4D71400D07E0097ACA1 /* PESGraphEdge.h */,
				F3C9E4D81400D07E0097ACA1 /* PESGraphEdge.m */,
				F304978F1406118A008EBBB4 /* PESGraphRoute.h */,
				F30497901406118A008EBBB4 /* PESGraphRoute.m */,
				F304979414061A9D008EBBB4 /* PESGraphRouteStep.h */,
				F304979514061A9D008EBBB4 /* PESGraphRouteStep.m */,
				F3C9E4A41400C6220097ACA1 /* Supporting Files */,
			);
			path = PESGraph;
			sourceTree = "<group>";
		};
		F3C9E4A41400C6220097ACA1 /* Supporting Files */ = {
			isa = PBXGroup;
			children = (
				F3C9E4A51400C6220097ACA1 /* PESGraph-Prefix.pch */,
			);
			name = "Supporting Files";
			sourceTree = "<group>";
		};
		F3C9E4B91400C6220097ACA1 /* PESGraphTests */ = {
			isa = PBXGroup;
			children = (
				F3C9E4BF1400C6220097ACA1 /* PESGraphTests.h */,
				F3C9E4C11400C6220097ACA1 /* PESGraphTests.m */,
				F3C9E4BA1400C6220097ACA1 /* Supporting Files */,
			);
			path = PESGraphTests;
			sourceTree = "<group>";
		};
		F3C9E4BA1400C6220097ACA1 /* Supporting Files */ = {
			isa = PBXGroup;
			children = (
				F3C9E4BB1400C6220097ACA1 /* PESGraphTests-Info.plist */,
				F3C9E4BC1400C6220097ACA1 /* InfoPlist.strings */,
			);
			name = "Supporting Files";
			sourceTree = "<group>";
		};
/* End PBXGroup section */

/* Begin PBXHeadersBuildPhase section */
		F3C9E49C1400C6220097ACA1 /* Headers */ = {
			isa = PBXHeadersBuildPhase;
			buildActionMask = 2147483647;
			files = (
				F3C9E4D51400CFAF0097ACA1 /* PESGraphNode.h in Headers */,
				F3C9E4D91400D07E0097ACA1 /* PESGraphEdge.h in Headers */,
				F30497911406118A008EBBB4 /* PESGraphRoute.h in Headers */,
				F304979614061A9D008EBBB4 /* PESGraphRouteStep.h in Headers */,
			);
			runOnlyForDeploymentPostprocessing = 0;
		};
/* End PBXHeadersBuildPhase section */

/* Begin PBXNativeTarget section */
		F3C9E49D1400C6220097ACA1 /* PESGraph */ = {
			isa = PBXNativeTarget;
			buildConfigurationList = F3C9E4C51400C6220097ACA1 /* Build configuration list for PBXNativeTarget "PESGraph" */;
			buildPhases = (
				F3C9E49A1400C6220097ACA1 /* Sources */,
				F3C9E49B1400C6220097ACA1 /* Frameworks */,
				F3C9E49C1400C6220097ACA1 /* Headers */,
			);
			buildRules = (
			);
			dependencies = (
			);
			name = PESGraph;
			productName = PESGraph;
			productReference = F3C9E49E1400C6220097ACA1 /* libPESGraph.a */;
			productType = "com.apple.product-type.library.static";
		};
		F3C9E4AD1400C6220097ACA1 /* PESGraphTests */ = {
			isa = PBXNativeTarget;
			buildConfigurationList = F3C9E4C81400C6220097ACA1 /* Build configuration list for PBXNativeTarget "PESGraphTests" */;
			buildPhases = (
				F3C9E4A91400C6220097ACA1 /* Sources */,
				F3C9E4AA1400C6220097ACA1 /* Frameworks */,
				F3C9E4AB1400C6220097ACA1 /* Resources */,
				F3C9E4AC1400C6220097ACA1 /* ShellScript */,
			);
			buildRules = (
			);
			dependencies = (
				F3C9E4B71400C6220097ACA1 /* PBXTargetDependency */,
			);
			name = PESGraphTests;
			productName = PESGraphTests;
			productReference = F3C9E4AE1400C6220097ACA1 /* PESGraphTests.octest */;
			productType = "com.apple.product-type.bundle";
		};
/* End PBXNativeTarget section */

/* Begin PBXProject section */
		F3C9E4951400C6220097ACA1 /* Project object */ = {
			isa = PBXProject;
			attributes = {
				LastUpgradeCheck = 0460;
			};
			buildConfigurationList = F3C9E4981400C6220097ACA1 /* Build configuration list for PBXProject "PESGraph" */;
			compatibilityVersion = "Xcode 3.2";
			developmentRegion = English;
			hasScannedForEncodings = 0;
			knownRegions = (
				en,
			);
			mainGroup = F3C9E4931400C6220097ACA1;
			productRefGroup = F3C9E49F1400C6220097ACA1 /* Products */;
			projectDirPath = "";
			projectRoot = "";
			targets = (
				F3C9E49D1400C6220097ACA1 /* PESGraph */,
				F3C9E4AD1400C6220097ACA1 /* PESGraphTests */,
			);
		};
/* End PBXProject section */

/* Begin PBXResourcesBuildPhase section */
		F3C9E4AB1400C6220097ACA1 /* Resources */ = {
			isa = PBXResourcesBuildPhase;
			buildActionMask = 2147483647;
			files = (
				F3C9E4BE1400C6220097ACA1 /* InfoPlist.strings in Resources */,
				F3C9E4C01400C6220097ACA1 /* PESGraphTests.h in Resources */,
			);
			runOnlyForDeploymentPostprocessing = 0;
		};
/* End PBXResourcesBuildPhase section */

/* Begin PBXShellScriptBuildPhase section */
		F3C9E4AC1400C6220097ACA1 /* ShellScript */ = {
			isa = PBXShellScriptBuildPhase;
			buildActionMask = 2147483647;
			files = (
			);
			inputPaths = (
			);
			outputPaths = (
			);
			runOnlyForDeploymentPostprocessing = 0;
			shellPath = /bin/sh;
			shellScript = "# Run the unit tests in this test bundle.\n\"${SYSTEM_DEVELOPER_DIR}/Tools/RunUnitTests\"\n";
		};
/* End PBXShellScriptBuildPhase section */

/* Begin PBXSourcesBuildPhase section */
		F3C9E49A1400C6220097ACA1 /* Sources */ = {
			isa = PBXSourcesBuildPhase;
			buildActionMask = 2147483647;
			files = (
				F3C9E4A81400C6220097ACA1 /* PESGraph.m in Sources */,
				F3C9E4D61400CFAF0097ACA1 /* PESGraphNode.m in Sources */,
				F3C9E4DA1400D07E0097ACA1 /* PESGraphEdge.m in Sources */,
				F30497921406118A008EBBB4 /* PESGraphRoute.m in Sources */,
				F304979714061A9D008EBBB4 /* PESGraphRouteStep.m in Sources */,
			);
			runOnlyForDeploymentPostprocessing = 0;
		};
		F3C9E4A91400C6220097ACA1 /* Sources */ = {
			isa = PBXSourcesBuildPhase;
			buildActionMask = 2147483647;
			files = (
				F3C9E4C21400C6220097ACA1 /* PESGraphTests.m in Sources */,
			);
			runOnlyForDeploymentPostprocessing = 0;
		};
/* End PBXSourcesBuildPhase section */

/* Begin PBXTargetDependency section */
		F3C9E4B71400C6220097ACA1 /* PBXTargetDependency */ = {
			isa = PBXTargetDependency;
			target = F3C9E49D1400C6220097ACA1 /* PESGraph */;
			targetProxy = F3C9E4B61400C6220097ACA1 /* PBXContainerItemProxy */;
		};
/* End PBXTargetDependency section */

/* Begin PBXVariantGroup section */
		F3C9E4BC1400C6220097ACA1 /* InfoPlist.strings */ = {
			isa = PBXVariantGroup;
			children = (
				F3C9E4BD1400C6220097ACA1 /* en */,
			);
			name = InfoPlist.strings;
			sourceTree = "<group>";
		};
/* End PBXVariantGroup section */

/* Begin XCBuildConfiguration section */
		F3C9E4C31400C6220097ACA1 /* Debug */ = {
			isa = XCBuildConfiguration;
			buildSettings = {
				ALWAYS_SEARCH_USER_PATHS = NO;
				ARCHS = "$(ARCHS_STANDARD_32_BIT)";
				COPY_PHASE_STRIP = NO;
				GCC_C_LANGUAGE_STANDARD = gnu99;
				GCC_DYNAMIC_NO_PIC = NO;
				GCC_OPTIMIZATION_LEVEL = 0;
				GCC_PREPROCESSOR_DEFINITIONS = (
					"DEBUG=1",
					"$(inherited)",
				);
				GCC_SYMBOLS_PRIVATE_EXTERN = NO;
				GCC_VERSION = com.apple.compilers.llvmgcc42;
				GCC_WARN_ABOUT_MISSING_PROTOTYPES = YES;
				GCC_WARN_ABOUT_RETURN_TYPE = YES;
				GCC_WARN_UNUSED_VARIABLE = YES;
				IPHONEOS_DEPLOYMENT_TARGET = 4.3;
				SDKROOT = iphoneos;
			};
			name = Debug;
		};
		F3C9E4C41400C6220097ACA1 /* Release */ = {
			isa = XCBuildConfiguration;
			buildSettings = {
				ALWAYS_SEARCH_USER_PATHS = NO;
				ARCHS = "$(ARCHS_STANDARD_32_BIT)";
				COPY_PHASE_STRIP = YES;
				GCC_C_LANGUAGE_STANDARD = gnu99;
				GCC_VERSION = com.apple.compilers.llvmgcc42;
				GCC_WARN_ABOUT_MISSING_PROTOTYPES = YES;
				GCC_WARN_ABOUT_RETURN_TYPE = YES;
				GCC_WARN_UNUSED_VARIABLE = YES;
				IPHONEOS_DEPLOYMENT_TARGET = 4.3;
				SDKROOT = iphoneos;
				VALIDATE_PRODUCT = YES;
			};
			name = Release;
		};
		F3C9E4C61400C6220097ACA1 /* Debug */ = {
			isa = XCBuildConfiguration;
			buildSettings = {
				DSTROOT = /tmp/PESGraph.dst;
				GCC_PRECOMPILE_PREFIX_HEADER = YES;
				GCC_PREFIX_HEADER = "PESGraph/PESGraph-Prefix.pch";
				GCC_VERSION = com.apple.compilers.llvm.clang.1_0;
				OTHER_LDFLAGS = "-ObjC";
				PRODUCT_NAME = "$(TARGET_NAME)";
				SKIP_INSTALL = YES;
			};
			name = Debug;
		};
		F3C9E4C71400C6220097ACA1 /* Release */ = {
			isa = XCBuildConfiguration;
			buildSettings = {
				DSTROOT = /tmp/PESGraph.dst;
				GCC_PRECOMPILE_PREFIX_HEADER = YES;
				GCC_PREFIX_HEADER = "PESGraph/PESGraph-Prefix.pch";
				GCC_VERSION = com.apple.compilers.llvm.clang.1_0;
				OTHER_LDFLAGS = "-ObjC";
				PRODUCT_NAME = "$(TARGET_NAME)";
				SKIP_INSTALL = YES;
			};
			name = Release;
		};
		F3C9E4C91400C6220097ACA1 /* Debug */ = {
			isa = XCBuildConfiguration;
			buildSettings = {
				FRAMEWORK_SEARCH_PATHS = (
					"$(SDKROOT)/Developer/Library/Frameworks",
					"$(DEVELOPER_LIBRARY_DIR)/Frameworks",
				);
				GCC_PRECOMPILE_PREFIX_HEADER = YES;
				GCC_PREFIX_HEADER = "PESGraph/PESGraph-Prefix.pch";
				GCC_VERSION = com.apple.compilers.llvm.clang.1_0;
				INFOPLIST_FILE = "PESGraphTests/PESGraphTests-Info.plist";
				PRODUCT_NAME = "$(TARGET_NAME)";
				WRAPPER_EXTENSION = octest;
			};
			name = Debug;
		};
		F3C9E4CA1400C6220097ACA1 /* Release */ = {
			isa = XCBuildConfiguration;
			buildSettings = {
				FRAMEWORK_SEARCH_PATHS = (
					"$(SDKROOT)/Developer/Library/Frameworks",
					"$(DEVELOPER_LIBRARY_DIR)/Frameworks",
				);
				GCC_PRECOMPILE_PREFIX_HEADER = YES;
				GCC_PREFIX_HEADER = "PESGraph/PESGraph-Prefix.pch";
				GCC_VERSION = com.apple.compilers.llvm.clang.1_0;
				INFOPLIST_FILE = "PESGraphTests/PESGraphTests-Info.plist";
				PRODUCT_NAME = "$(TARGET_NAME)";
				WRAPPER_EXTENSION = octest;
			};
			name = Release;
		};
/* End XCBuildConfiguration section */

/* Begin XCConfigurationList section */
		F3C9E4981400C6220097ACA1 /* Build configuration list for PBXProject "PESGraph" */ = {
			isa = XCConfigurationList;
			buildConfigurations = (
				F3C9E4C31400C6220097ACA1 /* Debug */,
				F3C9E4C41400C6220097ACA1 /* Release */,
			);
			defaultConfigurationIsVisible = 0;
			defaultConfigurationName = Release;
		};
		F3C9E4C51400C6220097ACA1 /* Build configuration list for PBXNativeTarget "PESGraph" */ = {
			isa = XCConfigurationList;
			buildConfigurations = (
				F3C9E4C61400C6220097ACA1 /* Debug */,
				F3C9E4C71400C6220097ACA1 /* Release */,
			);
			defaultConfigurationIsVisible = 0;
			defaultConfigurationName = Release;
		};
		F3C9E4C81400C6220097ACA1 /* Build configuration list for PBXNativeTarget "PESGraphTests" */ = {
			isa = XCConfigurationList;
			buildConfigurations = (
				F3C9E4C91400C6220097ACA1 /* Debug */,
				F3C9E4CA1400C6220097ACA1 /* Release */,
			);
			defaultConfigurationIsVisible = 0;
			defaultConfigurationName = Release;
		};
/* End XCConfigurationList section */
	};
	rootObject = F3C9E4951400C6220097ACA1 /* Project object */;
}
